PODS:
  - Charts (3.6.0):
    - Charts/Core (= 3.6.0)
  - Charts/Core (3.6.0)
  - Realm (10.1.4):
    - Realm/Headers (= 10.1.4)
  - Realm/Headers (10.1.4)
  - RealmSwift (10.1.4):
    - Realm (= 10.1.4)
  - StaticDataTableViewController (2.5.0)

DEPENDENCIES:
  - Charts
  - RealmSwift
  - StaticDataTableViewController

SPEC REPOS:
  trunk:
    - Charts
    - Realm
    - RealmSwift
    - StaticDataTableViewController

SPEC CHECKSUMS:
  Charts: b1e3a1f5a1c9ba5394438ca3b91bd8c9076310af
  Realm: 80f4fb2971ccb9adc27a47d0955ae8e533a7030b
  RealmSwift: 0e566ca714edb377bba8ea0811eafcea0b93734e
  StaticDataTableViewController: 0c5c4a47861446dd3cfd52530ae801ec7662ce26

PODFILE CHECKSUM: 1fc481b13bc8f034e3504e862b938594723248fe

COCOAPODS: 1.10.0
