PODS:
  - Charts (3.5.0):
    - Charts/Core (= 3.5.0)
  - Charts/Core (3.5.0)
  - Realm (10.0.0):
    - Realm/Headers (= 10.0.0)
  - Realm/Headers (10.0.0)
  - RealmSwift (10.0.0):
    - Realm (= 10.0.0)
  - StaticDataTableViewController (2.5.0)

DEPENDENCIES:
  - Charts
  - RealmSwift
  - StaticDataTableViewController

SPEC REPOS:
  trunk:
    - Charts
    - Realm
    - RealmSwift
    - StaticDataTableViewController

SPEC CHECKSUMS:
  Charts: 40a08591df1f8ad5c223ddedfb1a06da92f24f7c
  Realm: 5654b8e5e45034d07b219e089034be2ef7d1e7bf
  RealmSwift: 5b4c8c85be4c14ff52054a4d80a8d338167dd79c
  StaticDataTableViewController: 0c5c4a47861446dd3cfd52530ae801ec7662ce26

PODFILE CHECKSUM: f653345257c90f53e1afc252e06a87f3334f9b74

COCOAPODS: 1.9.3
