// !$*UTF8*$!
{
	archiveVersion = 1;
	classes = {
	};
	objectVersion = 51;
	objects = {

/* Begin PBXBuildFile section */
		596FE314F43D46E753328034 /* Pods_Portfolio_View.framework in Frameworks */ = {isa = PBXBuildFile; fileRef = E0FCD50CB21AEB610E95F975 /* Pods_Portfolio_View.framework */; };
		E1029258253F6D7E00CC34AD /* CurrencySettingsVC.swift in Sources */ = {isa = PBXBuildFile; fileRef = E1029257253F6D7E00CC34AD /* CurrencySettingsVC.swift */; };
		E1091259253F704500DC49F9 /* SettingsVC.swift in Sources */ = {isa = PBXBuildFile; fileRef = E1091258253F704500DC49F9 /* SettingsVC.swift */; };
		E116D2112543A5D400506CF0 /* NowCell.swift in Sources */ = {isa = PBXBuildFile; fileRef = E116D2102543A5D400506CF0 /* NowCell.swift */; };
		E116D2132543A63B00506CF0 /* AmountCell.swift in Sources */ = {isa = PBXBuildFile; fileRef = E116D2122543A63B00506CF0 /* AmountCell.swift */; };
		E116D2152543A65200506CF0 /* ThenCell.swift in Sources */ = {isa = PBXBuildFile; fileRef = E116D2142543A65200506CF0 /* ThenCell.swift */; };
		E116D2192543A6A300506CF0 /* TransactionDetailVC.swift in Sources */ = {isa = PBXBuildFile; fileRef = E116D2182543A6A300506CF0 /* TransactionDetailVC.swift */; };
		E12454C424BA734500875350 /* Constants.swift in Sources */ = {isa = PBXBuildFile; fileRef = E12454C324BA734500875350 /* Constants.swift */; };
		E124E3CD253E54BA0015BB08 /* TransactionCell.swift in Sources */ = {isa = PBXBuildFile; fileRef = E124E3CC253E54BA0015BB08 /* TransactionCell.swift */; };
		E124E3CF253E55070015BB08 /* TransactionCell.xib in Resources */ = {isa = PBXBuildFile; fileRef = E124E3CE253E55070015BB08 /* TransactionCell.xib */; };
		E135B17125539DB2007F25AB /* NotesCell.xib in Resources */ = {isa = PBXBuildFile; fileRef = E135B17025539DB2007F25AB /* NotesCell.xib */; };
		E135B17425539E5E007F25AB /* NotesCell.swift in Sources */ = {isa = PBXBuildFile; fileRef = E135B17325539E5E007F25AB /* NotesCell.swift */; };
		E139C24224A9337000249314 /* CandleModel.swift in Sources */ = {isa = PBXBuildFile; fileRef = E139C24124A9337000249314 /* CandleModel.swift */; };
		E14903D124A53A2200A16EA7 /* CoinModel.swift in Sources */ = {isa = PBXBuildFile; fileRef = E14903D024A53A2200A16EA7 /* CoinModel.swift */; };
		E14903D524A55D1100A16EA7 /* ExchangeRateModel.swift in Sources */ = {isa = PBXBuildFile; fileRef = E14903D424A55D1100A16EA7 /* ExchangeRateModel.swift */; };
		E14903D724A57AB000A16EA7 /* ExchangeRate.swift in Sources */ = {isa = PBXBuildFile; fileRef = E14903D624A57AB000A16EA7 /* ExchangeRate.swift */; };
		E14A447E24B643BD0087B04D /* AddSellTransactionVC.swift in Sources */ = {isa = PBXBuildFile; fileRef = E14A447D24B643BD0087B04D /* AddSellTransactionVC.swift */; };
		E15AE6FC2553A5990029B6F1 /* DeleteCell.xib in Resources */ = {isa = PBXBuildFile; fileRef = E15AE6FB2553A5990029B6F1 /* DeleteCell.xib */; };
		E15DA3FA24B5677200F7D073 /* AddBuyTransactionVC.swift in Sources */ = {isa = PBXBuildFile; fileRef = E15DA3F924B5677200F7D073 /* AddBuyTransactionVC.swift */; };
		E1608B2624ABD56A00D36D87 /* CoinVC.swift in Sources */ = {isa = PBXBuildFile; fileRef = E1608B2524ABD56A00D36D87 /* CoinVC.swift */; };
		E163CF4B24BB81DF006CF1F4 /* UIImageExtension.swift in Sources */ = {isa = PBXBuildFile; fileRef = E163CF4A24BB81DF006CF1F4 /* UIImageExtension.swift */; };
		E175697524B531A500BD1261 /* TransactionVC.swift in Sources */ = {isa = PBXBuildFile; fileRef = E175697424B531A500BD1261 /* TransactionVC.swift */; };
		E1995AF524A3DFA00009CDA7 /* CoinHandler.swift in Sources */ = {isa = PBXBuildFile; fileRef = E1995AF424A3DFA00009CDA7 /* CoinHandler.swift */; };
		E19DF2AA24B62D7C002EE247 /* SelectPairVC.swift in Sources */ = {isa = PBXBuildFile; fileRef = E19DF2A924B62D7C002EE247 /* SelectPairVC.swift */; };
		E1A33A8F24A6BEBF0007B3E2 /* CoinCell.swift in Sources */ = {isa = PBXBuildFile; fileRef = E1A33A8D24A6BEBF0007B3E2 /* CoinCell.swift */; };
		E1A33A9024A6BEBF0007B3E2 /* CoinCell.xib in Resources */ = {isa = PBXBuildFile; fileRef = E1A33A8E24A6BEBF0007B3E2 /* CoinCell.xib */; };
		E1B3EC55255632F60001873C /* PortfolioPercentageCell.xib in Resources */ = {isa = PBXBuildFile; fileRef = E1B3EC54255632F60001873C /* PortfolioPercentageCell.xib */; };
		E1B3EC582556330A0001873C /* PortfolioPercentageCell.swift in Sources */ = {isa = PBXBuildFile; fileRef = E1B3EC572556330A0001873C /* PortfolioPercentageCell.swift */; };
		E1B3EC5D255634BB0001873C /* PortfolioDetailsVC.swift in Sources */ = {isa = PBXBuildFile; fileRef = E1B3EC5C255634BB0001873C /* PortfolioDetailsVC.swift */; };
		E1B510ED24BA291D0002E1A3 /* ContainerVC.swift in Sources */ = {isa = PBXBuildFile; fileRef = E1B510EC24BA291D0002E1A3 /* ContainerVC.swift */; };
		E1CB9BB8254A545100300916 /* CoinBalanceCell.xib in Resources */ = {isa = PBXBuildFile; fileRef = E1CB9BB7254A545100300916 /* CoinBalanceCell.xib */; };
		E1CB9BBE254A57A300300916 /* CoinBalanceCell.swift in Sources */ = {isa = PBXBuildFile; fileRef = E1CB9BBD254A57A300300916 /* CoinBalanceCell.swift */; };
		E1CF34242543D7A800E72AFB /* AmountCell.xib in Resources */ = {isa = PBXBuildFile; fileRef = E1CF34232543D7A800E72AFB /* AmountCell.xib */; };
		E1CF34262543D7C100E72AFB /* NowCell.xib in Resources */ = {isa = PBXBuildFile; fileRef = E1CF34252543D7C100E72AFB /* NowCell.xib */; };
		E1CF34282543D7CC00E72AFB /* ThenCell.xib in Resources */ = {isa = PBXBuildFile; fileRef = E1CF34272543D7CC00E72AFB /* ThenCell.xib */; };
		E1E8403B24A47BA50012B347 /* NetworkHandler.swift in Sources */ = {isa = PBXBuildFile; fileRef = E1E8403A24A47BA50012B347 /* NetworkHandler.swift */; };
		E1EF152624B788310015436B /* AddTransferTransactionVC.swift in Sources */ = {isa = PBXBuildFile; fileRef = E1EF152524B788310015436B /* AddTransferTransactionVC.swift */; };
		E1F0F75825565585004E8FE6 /* AppStoreReviewManager.swift in Sources */ = {isa = PBXBuildFile; fileRef = E1F0F75725565585004E8FE6 /* AppStoreReviewManager.swift */; };
		E1FBD26124A2F98900BD83B4 /* AppDelegate.swift in Sources */ = {isa = PBXBuildFile; fileRef = E1FBD26024A2F98900BD83B4 /* AppDelegate.swift */; };
		E1FBD26324A2F98900BD83B4 /* SceneDelegate.swift in Sources */ = {isa = PBXBuildFile; fileRef = E1FBD26224A2F98900BD83B4 /* SceneDelegate.swift */; };
		E1FBD26524A2F98900BD83B4 /* ViewController.swift in Sources */ = {isa = PBXBuildFile; fileRef = E1FBD26424A2F98900BD83B4 /* ViewController.swift */; };
		E1FBD26824A2F98900BD83B4 /* Main.storyboard in Resources */ = {isa = PBXBuildFile; fileRef = E1FBD26624A2F98900BD83B4 /* Main.storyboard */; };
		E1FBD26A24A2F99000BD83B4 /* Assets.xcassets in Resources */ = {isa = PBXBuildFile; fileRef = E1FBD26924A2F99000BD83B4 /* Assets.xcassets */; };
		E1FBD26D24A2F99000BD83B4 /* LaunchScreen.storyboard in Resources */ = {isa = PBXBuildFile; fileRef = E1FBD26B24A2F99000BD83B4 /* LaunchScreen.storyboard */; };
		E1FBD27824A2FA2200BD83B4 /* Coin.swift in Sources */ = {isa = PBXBuildFile; fileRef = E1FBD27724A2FA2200BD83B4 /* Coin.swift */; };
		E1FBD27A24A2FBD100BD83B4 /* Transaction.swift in Sources */ = {isa = PBXBuildFile; fileRef = E1FBD27924A2FBD100BD83B4 /* Transaction.swift */; };
/* End PBXBuildFile section */

/* Begin PBXFileReference section */
		01D4A1E2B0B2AB1E0C223435 /* Pods-Portfolio View.debug.xcconfig */ = {isa = PBXFileReference; includeInIndex = 1; lastKnownFileType = text.xcconfig; name = "Pods-Portfolio View.debug.xcconfig"; path = "Target Support Files/Pods-Portfolio View/Pods-Portfolio View.debug.xcconfig"; sourceTree = "<group>"; };
		7A2332DBA6C0C28F70B40CD6 /* Pods-Portfolio View.release.xcconfig */ = {isa = PBXFileReference; includeInIndex = 1; lastKnownFileType = text.xcconfig; name = "Pods-Portfolio View.release.xcconfig"; path = "Target Support Files/Pods-Portfolio View/Pods-Portfolio View.release.xcconfig"; sourceTree = "<group>"; };
		E0FCD50CB21AEB610E95F975 /* Pods_Portfolio_View.framework */ = {isa = PBXFileReference; explicitFileType = wrapper.framework; includeInIndex = 0; path = Pods_Portfolio_View.framework; sourceTree = BUILT_PRODUCTS_DIR; };
		E1029257253F6D7E00CC34AD /* CurrencySettingsVC.swift */ = {isa = PBXFileReference; lastKnownFileType = sourcecode.swift; path = CurrencySettingsVC.swift; sourceTree = "<group>"; };
		E1091258253F704500DC49F9 /* SettingsVC.swift */ = {isa = PBXFileReference; lastKnownFileType = sourcecode.swift; path = SettingsVC.swift; sourceTree = "<group>"; };
		E116D2102543A5D400506CF0 /* NowCell.swift */ = {isa = PBXFileReference; lastKnownFileType = sourcecode.swift; path = NowCell.swift; sourceTree = "<group>"; };
		E116D2122543A63B00506CF0 /* AmountCell.swift */ = {isa = PBXFileReference; lastKnownFileType = sourcecode.swift; path = AmountCell.swift; sourceTree = "<group>"; };
		E116D2142543A65200506CF0 /* ThenCell.swift */ = {isa = PBXFileReference; lastKnownFileType = sourcecode.swift; path = ThenCell.swift; sourceTree = "<group>"; };
		E116D2182543A6A300506CF0 /* TransactionDetailVC.swift */ = {isa = PBXFileReference; lastKnownFileType = sourcecode.swift; path = TransactionDetailVC.swift; sourceTree = "<group>"; };
		E12454C324BA734500875350 /* Constants.swift */ = {isa = PBXFileReference; lastKnownFileType = sourcecode.swift; path = Constants.swift; sourceTree = "<group>"; };
		E124E3CC253E54BA0015BB08 /* TransactionCell.swift */ = {isa = PBXFileReference; lastKnownFileType = sourcecode.swift; path = TransactionCell.swift; sourceTree = "<group>"; };
		E124E3CE253E55070015BB08 /* TransactionCell.xib */ = {isa = PBXFileReference; lastKnownFileType = file.xib; path = TransactionCell.xib; sourceTree = "<group>"; };
		E135B17025539DB2007F25AB /* NotesCell.xib */ = {isa = PBXFileReference; lastKnownFileType = file.xib; path = NotesCell.xib; sourceTree = "<group>"; };
		E135B17325539E5E007F25AB /* NotesCell.swift */ = {isa = PBXFileReference; lastKnownFileType = sourcecode.swift; path = NotesCell.swift; sourceTree = "<group>"; };
		E139C24124A9337000249314 /* CandleModel.swift */ = {isa = PBXFileReference; lastKnownFileType = sourcecode.swift; path = CandleModel.swift; sourceTree = "<group>"; };
		E14903D024A53A2200A16EA7 /* CoinModel.swift */ = {isa = PBXFileReference; lastKnownFileType = sourcecode.swift; path = CoinModel.swift; sourceTree = "<group>"; };
		E14903D424A55D1100A16EA7 /* ExchangeRateModel.swift */ = {isa = PBXFileReference; lastKnownFileType = sourcecode.swift; path = ExchangeRateModel.swift; sourceTree = "<group>"; };
		E14903D624A57AB000A16EA7 /* ExchangeRate.swift */ = {isa = PBXFileReference; lastKnownFileType = sourcecode.swift; path = ExchangeRate.swift; sourceTree = "<group>"; };
		E14A447D24B643BD0087B04D /* AddSellTransactionVC.swift */ = {isa = PBXFileReference; lastKnownFileType = sourcecode.swift; path = AddSellTransactionVC.swift; sourceTree = "<group>"; };
		E15AE6FB2553A5990029B6F1 /* DeleteCell.xib */ = {isa = PBXFileReference; lastKnownFileType = file.xib; path = DeleteCell.xib; sourceTree = "<group>"; };
		E15DA3F924B5677200F7D073 /* AddBuyTransactionVC.swift */ = {isa = PBXFileReference; lastKnownFileType = sourcecode.swift; path = AddBuyTransactionVC.swift; sourceTree = "<group>"; };
		E1608B2524ABD56A00D36D87 /* CoinVC.swift */ = {isa = PBXFileReference; lastKnownFileType = sourcecode.swift; path = CoinVC.swift; sourceTree = "<group>"; };
		E163CF4A24BB81DF006CF1F4 /* UIImageExtension.swift */ = {isa = PBXFileReference; lastKnownFileType = sourcecode.swift; path = UIImageExtension.swift; sourceTree = "<group>"; };
		E175697424B531A500BD1261 /* TransactionVC.swift */ = {isa = PBXFileReference; lastKnownFileType = sourcecode.swift; path = TransactionVC.swift; sourceTree = "<group>"; };
		E1995AF424A3DFA00009CDA7 /* CoinHandler.swift */ = {isa = PBXFileReference; lastKnownFileType = sourcecode.swift; path = CoinHandler.swift; sourceTree = "<group>"; };
		E19DF2A924B62D7C002EE247 /* SelectPairVC.swift */ = {isa = PBXFileReference; lastKnownFileType = sourcecode.swift; path = SelectPairVC.swift; sourceTree = "<group>"; };
		E1A33A8D24A6BEBF0007B3E2 /* CoinCell.swift */ = {isa = PBXFileReference; lastKnownFileType = sourcecode.swift; path = CoinCell.swift; sourceTree = "<group>"; };
		E1A33A8E24A6BEBF0007B3E2 /* CoinCell.xib */ = {isa = PBXFileReference; lastKnownFileType = file.xib; path = CoinCell.xib; sourceTree = "<group>"; };
		E1B3EC54255632F60001873C /* PortfolioPercentageCell.xib */ = {isa = PBXFileReference; lastKnownFileType = file.xib; path = PortfolioPercentageCell.xib; sourceTree = "<group>"; };
		E1B3EC572556330A0001873C /* PortfolioPercentageCell.swift */ = {isa = PBXFileReference; lastKnownFileType = sourcecode.swift; path = PortfolioPercentageCell.swift; sourceTree = "<group>"; };
		E1B3EC5C255634BB0001873C /* PortfolioDetailsVC.swift */ = {isa = PBXFileReference; lastKnownFileType = sourcecode.swift; path = PortfolioDetailsVC.swift; sourceTree = "<group>"; };
		E1B510EC24BA291D0002E1A3 /* ContainerVC.swift */ = {isa = PBXFileReference; lastKnownFileType = sourcecode.swift; path = ContainerVC.swift; sourceTree = "<group>"; };
		E1CB9BB7254A545100300916 /* CoinBalanceCell.xib */ = {isa = PBXFileReference; lastKnownFileType = file.xib; name = CoinBalanceCell.xib; path = "../New Group/CoinBalanceCell.xib"; sourceTree = "<group>"; };
		E1CB9BBD254A57A300300916 /* CoinBalanceCell.swift */ = {isa = PBXFileReference; lastKnownFileType = sourcecode.swift; path = CoinBalanceCell.swift; sourceTree = "<group>"; };
		E1CF34232543D7A800E72AFB /* AmountCell.xib */ = {isa = PBXFileReference; lastKnownFileType = file.xib; path = AmountCell.xib; sourceTree = "<group>"; };
		E1CF34252543D7C100E72AFB /* NowCell.xib */ = {isa = PBXFileReference; lastKnownFileType = file.xib; path = NowCell.xib; sourceTree = "<group>"; };
		E1CF34272543D7CC00E72AFB /* ThenCell.xib */ = {isa = PBXFileReference; lastKnownFileType = file.xib; path = ThenCell.xib; sourceTree = "<group>"; };
		E1E8403A24A47BA50012B347 /* NetworkHandler.swift */ = {isa = PBXFileReference; lastKnownFileType = sourcecode.swift; path = NetworkHandler.swift; sourceTree = "<group>"; };
		E1EF152524B788310015436B /* AddTransferTransactionVC.swift */ = {isa = PBXFileReference; lastKnownFileType = sourcecode.swift; path = AddTransferTransactionVC.swift; sourceTree = "<group>"; };
		E1F0F75725565585004E8FE6 /* AppStoreReviewManager.swift */ = {isa = PBXFileReference; lastKnownFileType = sourcecode.swift; path = AppStoreReviewManager.swift; sourceTree = "<group>"; };
		E1FBD25D24A2F98900BD83B4 /* Portfolio View.app */ = {isa = PBXFileReference; explicitFileType = wrapper.application; includeInIndex = 0; path = "Portfolio View.app"; sourceTree = BUILT_PRODUCTS_DIR; };
		E1FBD26024A2F98900BD83B4 /* AppDelegate.swift */ = {isa = PBXFileReference; lastKnownFileType = sourcecode.swift; path = AppDelegate.swift; sourceTree = "<group>"; };
		E1FBD26224A2F98900BD83B4 /* SceneDelegate.swift */ = {isa = PBXFileReference; lastKnownFileType = sourcecode.swift; path = SceneDelegate.swift; sourceTree = "<group>"; };
		E1FBD26424A2F98900BD83B4 /* ViewController.swift */ = {isa = PBXFileReference; lastKnownFileType = sourcecode.swift; path = ViewController.swift; sourceTree = "<group>"; };
		E1FBD26724A2F98900BD83B4 /* Base */ = {isa = PBXFileReference; lastKnownFileType = file.storyboard; name = Base; path = Base.lproj/Main.storyboard; sourceTree = "<group>"; };
		E1FBD26924A2F99000BD83B4 /* Assets.xcassets */ = {isa = PBXFileReference; lastKnownFileType = folder.assetcatalog; path = Assets.xcassets; sourceTree = "<group>"; };
		E1FBD26C24A2F99000BD83B4 /* Base */ = {isa = PBXFileReference; lastKnownFileType = file.storyboard; name = Base; path = Base.lproj/LaunchScreen.storyboard; sourceTree = "<group>"; };
		E1FBD26E24A2F99000BD83B4 /* Info.plist */ = {isa = PBXFileReference; lastKnownFileType = text.plist.xml; path = Info.plist; sourceTree = "<group>"; };
		E1FBD27724A2FA2200BD83B4 /* Coin.swift */ = {isa = PBXFileReference; lastKnownFileType = sourcecode.swift; path = Coin.swift; sourceTree = "<group>"; };
		E1FBD27924A2FBD100BD83B4 /* Transaction.swift */ = {isa = PBXFileReference; lastKnownFileType = sourcecode.swift; path = Transaction.swift; sourceTree = "<group>"; };
/* End PBXFileReference section */

/* Begin PBXFrameworksBuildPhase section */
		E1FBD25A24A2F98900BD83B4 /* Frameworks */ = {
			isa = PBXFrameworksBuildPhase;
			buildActionMask = 2147483647;
			files = (
				596FE314F43D46E753328034 /* Pods_Portfolio_View.framework in Frameworks */,
			);
			runOnlyForDeploymentPostprocessing = 0;
		};
/* End PBXFrameworksBuildPhase section */

/* Begin PBXGroup section */
		484D757702F0971FBA546055 /* Frameworks */ = {
			isa = PBXGroup;
			children = (
				E0FCD50CB21AEB610E95F975 /* Pods_Portfolio_View.framework */,
			);
			name = Frameworks;
			sourceTree = "<group>";
		};
		5DCD943B978245B95F4A6218 /* Pods */ = {
			isa = PBXGroup;
			children = (
				01D4A1E2B0B2AB1E0C223435 /* Pods-Portfolio View.debug.xcconfig */,
				7A2332DBA6C0C28F70B40CD6 /* Pods-Portfolio View.release.xcconfig */,
			);
			path = Pods;
			sourceTree = "<group>";
		};
		E1029256253F6D6800CC34AD /* Settings */ = {
			isa = PBXGroup;
			children = (
				E1029257253F6D7E00CC34AD /* CurrencySettingsVC.swift */,
				E1091258253F704500DC49F9 /* SettingsVC.swift */,
			);
			path = Settings;
			sourceTree = "<group>";
		};
		E116D20F2543A16900506CF0 /* Transaction Detail Cells */ = {
			isa = PBXGroup;
			children = (
				E116D2102543A5D400506CF0 /* NowCell.swift */,
				E116D2122543A63B00506CF0 /* AmountCell.swift */,
				E116D2142543A65200506CF0 /* ThenCell.swift */,
				E1CF34232543D7A800E72AFB /* AmountCell.xib */,
				E1CF34252543D7C100E72AFB /* NowCell.xib */,
				E1CF34272543D7CC00E72AFB /* ThenCell.xib */,
				E135B17025539DB2007F25AB /* NotesCell.xib */,
				E135B17325539E5E007F25AB /* NotesCell.swift */,
				E15AE6FB2553A5990029B6F1 /* DeleteCell.xib */,
			);
			path = "Transaction Detail Cells";
			sourceTree = "<group>";
		};
		E14903D224A53ACC00A16EA7 /* JSON Models */ = {
			isa = PBXGroup;
			children = (
				E14903D024A53A2200A16EA7 /* CoinModel.swift */,
				E14903D424A55D1100A16EA7 /* ExchangeRateModel.swift */,
				E139C24124A9337000249314 /* CandleModel.swift */,
			);
			path = "JSON Models";
			sourceTree = "<group>";
		};
		E14903D324A55B1F00A16EA7 /* Realm Objects */ = {
			isa = PBXGroup;
			children = (
				E1FBD27724A2FA2200BD83B4 /* Coin.swift */,
				E1FBD27924A2FBD100BD83B4 /* Transaction.swift */,
				E14903D624A57AB000A16EA7 /* ExchangeRate.swift */,
			);
			path = "Realm Objects";
			sourceTree = "<group>";
		};
		E1608B2324ABD52B00D36D87 /* Main VC */ = {
			isa = PBXGroup;
			children = (
				E1FBD26424A2F98900BD83B4 /* ViewController.swift */,
				E1B3EC5C255634BB0001873C /* PortfolioDetailsVC.swift */,
			);
			path = "Main VC";
			sourceTree = "<group>";
		};
		E1608B2424ABD53E00D36D87 /* Coin VC */ = {
			isa = PBXGroup;
			children = (
				E1608B2524ABD56A00D36D87 /* CoinVC.swift */,
				E1B510EC24BA291D0002E1A3 /* ContainerVC.swift */,
			);
			path = "Coin VC";
			sourceTree = "<group>";
		};
		E1608B2724ABE50100D36D87 /* Add Transaction VC */ = {
			isa = PBXGroup;
			children = (
				E175697424B531A500BD1261 /* TransactionVC.swift */,
				E15DA3F924B5677200F7D073 /* AddBuyTransactionVC.swift */,
				E14A447D24B643BD0087B04D /* AddSellTransactionVC.swift */,
				E1EF152524B788310015436B /* AddTransferTransactionVC.swift */,
				E19DF2A924B62D7C002EE247 /* SelectPairVC.swift */,
			);
			path = "Add Transaction VC";
			sourceTree = "<group>";
		};
		E1B3EC53255632D00001873C /* Portfolio Percentage Cell */ = {
			isa = PBXGroup;
			children = (
				E1B3EC54255632F60001873C /* PortfolioPercentageCell.xib */,
				E1B3EC572556330A0001873C /* PortfolioPercentageCell.swift */,
			);
			path = "Portfolio Percentage Cell";
			sourceTree = "<group>";
		};
		E1CB9BBC254A578800300916 /* Balance Cell */ = {
			isa = PBXGroup;
			children = (
				E1CB9BB7254A545100300916 /* CoinBalanceCell.xib */,
				E1CB9BBD254A57A300300916 /* CoinBalanceCell.swift */,
			);
			path = "Balance Cell";
			sourceTree = "<group>";
		};
		E1CF34292543DA7000E72AFB /* Coin Cell */ = {
			isa = PBXGroup;
			children = (
				E1A33A8E24A6BEBF0007B3E2 /* CoinCell.xib */,
				E1A33A8D24A6BEBF0007B3E2 /* CoinCell.swift */,
			);
			path = "Coin Cell";
			sourceTree = "<group>";
		};
		E1CF342A2543DA7D00E72AFB /* Transaction Cell */ = {
			isa = PBXGroup;
			children = (
				E124E3CC253E54BA0015BB08 /* TransactionCell.swift */,
				E124E3CE253E55070015BB08 /* TransactionCell.xib */,
			);
			path = "Transaction Cell";
			sourceTree = "<group>";
		};
		E1CF342B2543DAE600E72AFB /* Transaction Detail VC */ = {
			isa = PBXGroup;
			children = (
				E116D2182543A6A300506CF0 /* TransactionDetailVC.swift */,
			);
			path = "Transaction Detail VC";
			sourceTree = "<group>";
		};
		E1FBD25424A2F98900BD83B4 = {
			isa = PBXGroup;
			children = (
				E1FBD25F24A2F98900BD83B4 /* Portfolio View */,
				E1FBD25E24A2F98900BD83B4 /* Products */,
				5DCD943B978245B95F4A6218 /* Pods */,
				484D757702F0971FBA546055 /* Frameworks */,
			);
			sourceTree = "<group>";
		};
		E1FBD25E24A2F98900BD83B4 /* Products */ = {
			isa = PBXGroup;
			children = (
				E1FBD25D24A2F98900BD83B4 /* Portfolio View.app */,
			);
			name = Products;
			sourceTree = "<group>";
		};
		E1FBD25F24A2F98900BD83B4 /* Portfolio View */ = {
			isa = PBXGroup;
			children = (
				E1FBD27424A2F9AE00BD83B4 /* Model */,
				E1FBD27524A2F9B400BD83B4 /* View */,
				E1FBD27624A2F9B800BD83B4 /* Controller */,
				E1FBD26924A2F99000BD83B4 /* Assets.xcassets */,
				E1FBD26E24A2F99000BD83B4 /* Info.plist */,
				E12454C324BA734500875350 /* Constants.swift */,
				E163CF4A24BB81DF006CF1F4 /* UIImageExtension.swift */,
				E1F0F75725565585004E8FE6 /* AppStoreReviewManager.swift */,
			);
			path = "Portfolio View";
			sourceTree = "<group>";
		};
		E1FBD27424A2F9AE00BD83B4 /* Model */ = {
			isa = PBXGroup;
			children = (
				E14903D224A53ACC00A16EA7 /* JSON Models */,
				E14903D324A55B1F00A16EA7 /* Realm Objects */,
				E1995AF424A3DFA00009CDA7 /* CoinHandler.swift */,
				E1E8403A24A47BA50012B347 /* NetworkHandler.swift */,
			);
			path = Model;
			sourceTree = "<group>";
		};
		E1FBD27524A2F9B400BD83B4 /* View */ = {
			isa = PBXGroup;
			children = (
				E1B3EC53255632D00001873C /* Portfolio Percentage Cell */,
				E1CB9BBC254A578800300916 /* Balance Cell */,
				E1CF342A2543DA7D00E72AFB /* Transaction Cell */,
				E1CF34292543DA7000E72AFB /* Coin Cell */,
				E116D20F2543A16900506CF0 /* Transaction Detail Cells */,
				E1FBD26624A2F98900BD83B4 /* Main.storyboard */,
				E1FBD26B24A2F99000BD83B4 /* LaunchScreen.storyboard */,
			);
			path = View;
			sourceTree = "<group>";
		};
		E1FBD27624A2F9B800BD83B4 /* Controller */ = {
			isa = PBXGroup;
			children = (
				E1FBD26024A2F98900BD83B4 /* AppDelegate.swift */,
				E1FBD26224A2F98900BD83B4 /* SceneDelegate.swift */,
				E1608B2324ABD52B00D36D87 /* Main VC */,
				E1608B2424ABD53E00D36D87 /* Coin VC */,
				E1CF342B2543DAE600E72AFB /* Transaction Detail VC */,
				E1608B2724ABE50100D36D87 /* Add Transaction VC */,
				E1029256253F6D6800CC34AD /* Settings */,
			);
			path = Controller;
			sourceTree = "<group>";
		};
/* End PBXGroup section */

/* Begin PBXNativeTarget section */
		E1FBD25C24A2F98900BD83B4 /* Portfolio View */ = {
			isa = PBXNativeTarget;
			buildConfigurationList = E1FBD27124A2F99000BD83B4 /* Build configuration list for PBXNativeTarget "Portfolio View" */;
			buildPhases = (
				302B543C6080703EE6463D24 /* [CP] Check Pods Manifest.lock */,
				E1FBD25924A2F98900BD83B4 /* Sources */,
				E1FBD25A24A2F98900BD83B4 /* Frameworks */,
				E1FBD25B24A2F98900BD83B4 /* Resources */,
				6959A57C7E9EA672F3099C5D /* [CP] Embed Pods Frameworks */,
			);
			buildRules = (
			);
			dependencies = (
			);
			name = "Portfolio View";
			productName = "Portfolio View";
			productReference = E1FBD25D24A2F98900BD83B4 /* Portfolio View.app */;
			productType = "com.apple.product-type.application";
		};
/* End PBXNativeTarget section */

/* Begin PBXProject section */
		E1FBD25524A2F98900BD83B4 /* Project object */ = {
			isa = PBXProject;
			attributes = {
				LastSwiftUpdateCheck = 1150;
				LastUpgradeCheck = 1200;
				ORGANIZATIONNAME = "Majd Hailat";
				TargetAttributes = {
					E1FBD25C24A2F98900BD83B4 = {
						CreatedOnToolsVersion = 11.5;
					};
				};
			};
			buildConfigurationList = E1FBD25824A2F98900BD83B4 /* Build configuration list for PBXProject "Portfolio View" */;
			compatibilityVersion = "Xcode 9.3";
			developmentRegion = en;
			hasScannedForEncodings = 0;
			knownRegions = (
				en,
				Base,
			);
			mainGroup = E1FBD25424A2F98900BD83B4;
			productRefGroup = E1FBD25E24A2F98900BD83B4 /* Products */;
			projectDirPath = "";
			projectRoot = "";
			targets = (
				E1FBD25C24A2F98900BD83B4 /* Portfolio View */,
			);
		};
/* End PBXProject section */

/* Begin PBXResourcesBuildPhase section */
		E1FBD25B24A2F98900BD83B4 /* Resources */ = {
			isa = PBXResourcesBuildPhase;
			buildActionMask = 2147483647;
			files = (
				E1CF34262543D7C100E72AFB /* NowCell.xib in Resources */,
				E15AE6FC2553A5990029B6F1 /* DeleteCell.xib in Resources */,
				E1CF34242543D7A800E72AFB /* AmountCell.xib in Resources */,
				E1FBD26D24A2F99000BD83B4 /* LaunchScreen.storyboard in Resources */,
				E1FBD26A24A2F99000BD83B4 /* Assets.xcassets in Resources */,
				E1CB9BB8254A545100300916 /* CoinBalanceCell.xib in Resources */,
				E1CF34282543D7CC00E72AFB /* ThenCell.xib in Resources */,
				E1A33A9024A6BEBF0007B3E2 /* CoinCell.xib in Resources */,
				E1B3EC55255632F60001873C /* PortfolioPercentageCell.xib in Resources */,
				E135B17125539DB2007F25AB /* NotesCell.xib in Resources */,
				E1FBD26824A2F98900BD83B4 /* Main.storyboard in Resources */,
				E124E3CF253E55070015BB08 /* TransactionCell.xib in Resources */,
			);
			runOnlyForDeploymentPostprocessing = 0;
		};
/* End PBXResourcesBuildPhase section */

/* Begin PBXShellScriptBuildPhase section */
		302B543C6080703EE6463D24 /* [CP] Check Pods Manifest.lock */ = {
			isa = PBXShellScriptBuildPhase;
			buildActionMask = 2147483647;
			files = (
			);
			inputFileListPaths = (
			);
			inputPaths = (
				"${PODS_PODFILE_DIR_PATH}/Podfile.lock",
				"${PODS_ROOT}/Manifest.lock",
			);
			name = "[CP] Check Pods Manifest.lock";
			outputFileListPaths = (
			);
			outputPaths = (
				"$(DERIVED_FILE_DIR)/Pods-Portfolio View-checkManifestLockResult.txt",
			);
			runOnlyForDeploymentPostprocessing = 0;
			shellPath = /bin/sh;
			shellScript = "diff \"${PODS_PODFILE_DIR_PATH}/Podfile.lock\" \"${PODS_ROOT}/Manifest.lock\" > /dev/null\nif [ $? != 0 ] ; then\n    # print error to STDERR\n    echo \"error: The sandbox is not in sync with the Podfile.lock. Run 'pod install' or update your CocoaPods installation.\" >&2\n    exit 1\nfi\n# This output is used by Xcode 'outputs' to avoid re-running this script phase.\necho \"SUCCESS\" > \"${SCRIPT_OUTPUT_FILE_0}\"\n";
			showEnvVarsInLog = 0;
		};
		6959A57C7E9EA672F3099C5D /* [CP] Embed Pods Frameworks */ = {
			isa = PBXShellScriptBuildPhase;
			buildActionMask = 2147483647;
			files = (
			);
			inputFileListPaths = (
				"${PODS_ROOT}/Target Support Files/Pods-Portfolio View/Pods-Portfolio View-frameworks-${CONFIGURATION}-input-files.xcfilelist",
			);
			name = "[CP] Embed Pods Frameworks";
			outputFileListPaths = (
				"${PODS_ROOT}/Target Support Files/Pods-Portfolio View/Pods-Portfolio View-frameworks-${CONFIGURATION}-output-files.xcfilelist",
			);
			runOnlyForDeploymentPostprocessing = 0;
			shellPath = /bin/sh;
			shellScript = "\"${PODS_ROOT}/Target Support Files/Pods-Portfolio View/Pods-Portfolio View-frameworks.sh\"\n";
			showEnvVarsInLog = 0;
		};
/* End PBXShellScriptBuildPhase section */

/* Begin PBXSourcesBuildPhase section */
		E1FBD25924A2F98900BD83B4 /* Sources */ = {
			isa = PBXSourcesBuildPhase;
			buildActionMask = 2147483647;
			files = (
				E14903D124A53A2200A16EA7 /* CoinModel.swift in Sources */,
				E1FBD26524A2F98900BD83B4 /* ViewController.swift in Sources */,
				E116D2112543A5D400506CF0 /* NowCell.swift in Sources */,
				E163CF4B24BB81DF006CF1F4 /* UIImageExtension.swift in Sources */,
				E1FBD27824A2FA2200BD83B4 /* Coin.swift in Sources */,
				E1CB9BBE254A57A300300916 /* CoinBalanceCell.swift in Sources */,
				E1FBD26124A2F98900BD83B4 /* AppDelegate.swift in Sources */,
				E1091259253F704500DC49F9 /* SettingsVC.swift in Sources */,
				E116D2192543A6A300506CF0 /* TransactionDetailVC.swift in Sources */,
				E1B3EC582556330A0001873C /* PortfolioPercentageCell.swift in Sources */,
				E139C24224A9337000249314 /* CandleModel.swift in Sources */,
				E1B510ED24BA291D0002E1A3 /* ContainerVC.swift in Sources */,
				E1995AF524A3DFA00009CDA7 /* CoinHandler.swift in Sources */,
				E14A447E24B643BD0087B04D /* AddSellTransactionVC.swift in Sources */,
				E124E3CD253E54BA0015BB08 /* TransactionCell.swift in Sources */,
				E15DA3FA24B5677200F7D073 /* AddBuyTransactionVC.swift in Sources */,
				E1B3EC5D255634BB0001873C /* PortfolioDetailsVC.swift in Sources */,
				E135B17425539E5E007F25AB /* NotesCell.swift in Sources */,
				E116D2132543A63B00506CF0 /* AmountCell.swift in Sources */,
				E19DF2AA24B62D7C002EE247 /* SelectPairVC.swift in Sources */,
				E1F0F75825565585004E8FE6 /* AppStoreReviewManager.swift in Sources */,
				E1608B2624ABD56A00D36D87 /* CoinVC.swift in Sources */,
				E1FBD26324A2F98900BD83B4 /* SceneDelegate.swift in Sources */,
				E14903D724A57AB000A16EA7 /* ExchangeRate.swift in Sources */,
				E1FBD27A24A2FBD100BD83B4 /* Transaction.swift in Sources */,
				E14903D524A55D1100A16EA7 /* ExchangeRateModel.swift in Sources */,
				E12454C424BA734500875350 /* Constants.swift in Sources */,
				E1EF152624B788310015436B /* AddTransferTransactionVC.swift in Sources */,
				E175697524B531A500BD1261 /* TransactionVC.swift in Sources */,
				E1A33A8F24A6BEBF0007B3E2 /* CoinCell.swift in Sources */,
				E1E8403B24A47BA50012B347 /* NetworkHandler.swift in Sources */,
				E1029258253F6D7E00CC34AD /* CurrencySettingsVC.swift in Sources */,
				E116D2152543A65200506CF0 /* ThenCell.swift in Sources */,
			);
			runOnlyForDeploymentPostprocessing = 0;
		};
/* End PBXSourcesBuildPhase section */

/* Begin PBXVariantGroup section */
		E1FBD26624A2F98900BD83B4 /* Main.storyboard */ = {
			isa = PBXVariantGroup;
			children = (
				E1FBD26724A2F98900BD83B4 /* Base */,
			);
			name = Main.storyboard;
			sourceTree = "<group>";
		};
		E1FBD26B24A2F99000BD83B4 /* LaunchScreen.storyboard */ = {
			isa = PBXVariantGroup;
			children = (
				E1FBD26C24A2F99000BD83B4 /* Base */,
			);
			name = LaunchScreen.storyboard;
			sourceTree = "<group>";
		};
/* End PBXVariantGroup section */

/* Begin XCBuildConfiguration section */
		E1FBD26F24A2F99000BD83B4 /* Debug */ = {
			isa = XCBuildConfiguration;
			buildSettings = {
				ALWAYS_SEARCH_USER_PATHS = NO;
				CLANG_ANALYZER_NONNULL = YES;
				CLANG_ANALYZER_NUMBER_OBJECT_CONVERSION = YES_AGGRESSIVE;
				CLANG_CXX_LANGUAGE_STANDARD = "gnu++14";
				CLANG_CXX_LIBRARY = "libc++";
				CLANG_ENABLE_MODULES = YES;
				CLANG_ENABLE_OBJC_ARC = YES;
				CLANG_ENABLE_OBJC_WEAK = YES;
				CLANG_WARN_BLOCK_CAPTURE_AUTORELEASING = YES;
				CLANG_WARN_BOOL_CONVERSION = YES;
				CLANG_WARN_COMMA = YES;
				CLANG_WARN_CONSTANT_CONVERSION = YES;
				CLANG_WARN_DEPRECATED_OBJC_IMPLEMENTATIONS = YES;
				CLANG_WARN_DIRECT_OBJC_ISA_USAGE = YES_ERROR;
				CLANG_WARN_DOCUMENTATION_COMMENTS = YES;
				CLANG_WARN_EMPTY_BODY = YES;
				CLANG_WARN_ENUM_CONVERSION = YES;
				CLANG_WARN_INFINITE_RECURSION = YES;
				CLANG_WARN_INT_CONVERSION = YES;
				CLANG_WARN_NON_LITERAL_NULL_CONVERSION = YES;
				CLANG_WARN_OBJC_IMPLICIT_RETAIN_SELF = YES;
				CLANG_WARN_OBJC_LITERAL_CONVERSION = YES;
				CLANG_WARN_OBJC_ROOT_CLASS = YES_ERROR;
				CLANG_WARN_QUOTED_INCLUDE_IN_FRAMEWORK_HEADER = YES;
				CLANG_WARN_RANGE_LOOP_ANALYSIS = YES;
				CLANG_WARN_STRICT_PROTOTYPES = YES;
				CLANG_WARN_SUSPICIOUS_MOVE = YES;
				CLANG_WARN_UNGUARDED_AVAILABILITY = YES_AGGRESSIVE;
				CLANG_WARN_UNREACHABLE_CODE = YES;
				CLANG_WARN__DUPLICATE_METHOD_MATCH = YES;
				COPY_PHASE_STRIP = NO;
				DEBUG_INFORMATION_FORMAT = dwarf;
				ENABLE_STRICT_OBJC_MSGSEND = YES;
				ENABLE_TESTABILITY = YES;
				GCC_C_LANGUAGE_STANDARD = gnu11;
				GCC_DYNAMIC_NO_PIC = NO;
				GCC_NO_COMMON_BLOCKS = YES;
				GCC_OPTIMIZATION_LEVEL = 0;
				GCC_PREPROCESSOR_DEFINITIONS = (
					"DEBUG=1",
					"$(inherited)",
				);
				GCC_WARN_64_TO_32_BIT_CONVERSION = YES;
				GCC_WARN_ABOUT_RETURN_TYPE = YES_ERROR;
				GCC_WARN_UNDECLARED_SELECTOR = YES;
				GCC_WARN_UNINITIALIZED_AUTOS = YES_AGGRESSIVE;
				GCC_WARN_UNUSED_FUNCTION = YES;
				GCC_WARN_UNUSED_VARIABLE = YES;
				IPHONEOS_DEPLOYMENT_TARGET = 13.0;
				MTL_ENABLE_DEBUG_INFO = INCLUDE_SOURCE;
				MTL_FAST_MATH = YES;
				ONLY_ACTIVE_ARCH = YES;
				SDKROOT = iphoneos;
				SWIFT_ACTIVE_COMPILATION_CONDITIONS = DEBUG;
				SWIFT_OPTIMIZATION_LEVEL = "-Onone";
			};
			name = Debug;
		};
		E1FBD27024A2F99000BD83B4 /* Release */ = {
			isa = XCBuildConfiguration;
			buildSettings = {
				ALWAYS_SEARCH_USER_PATHS = NO;
				CLANG_ANALYZER_NONNULL = YES;
				CLANG_ANALYZER_NUMBER_OBJECT_CONVERSION = YES_AGGRESSIVE;
				CLANG_CXX_LANGUAGE_STANDARD = "gnu++14";
				CLANG_CXX_LIBRARY = "libc++";
				CLANG_ENABLE_MODULES = YES;
				CLANG_ENABLE_OBJC_ARC = YES;
				CLANG_ENABLE_OBJC_WEAK = YES;
				CLANG_WARN_BLOCK_CAPTURE_AUTORELEASING = YES;
				CLANG_WARN_BOOL_CONVERSION = YES;
				CLANG_WARN_COMMA = YES;
				CLANG_WARN_CONSTANT_CONVERSION = YES;
				CLANG_WARN_DEPRECATED_OBJC_IMPLEMENTATIONS = YES;
				CLANG_WARN_DIRECT_OBJC_ISA_USAGE = YES_ERROR;
				CLANG_WARN_DOCUMENTATION_COMMENTS = YES;
				CLANG_WARN_EMPTY_BODY = YES;
				CLANG_WARN_ENUM_CONVERSION = YES;
				CLANG_WARN_INFINITE_RECURSION = YES;
				CLANG_WARN_INT_CONVERSION = YES;
				CLANG_WARN_NON_LITERAL_NULL_CONVERSION = YES;
				CLANG_WARN_OBJC_IMPLICIT_RETAIN_SELF = YES;
				CLANG_WARN_OBJC_LITERAL_CONVERSION = YES;
				CLANG_WARN_OBJC_ROOT_CLASS = YES_ERROR;
				CLANG_WARN_QUOTED_INCLUDE_IN_FRAMEWORK_HEADER = YES;
				CLANG_WARN_RANGE_LOOP_ANALYSIS = YES;
				CLANG_WARN_STRICT_PROTOTYPES = YES;
				CLANG_WARN_SUSPICIOUS_MOVE = YES;
				CLANG_WARN_UNGUARDED_AVAILABILITY = YES_AGGRESSIVE;
				CLANG_WARN_UNREACHABLE_CODE = YES;
				CLANG_WARN__DUPLICATE_METHOD_MATCH = YES;
				COPY_PHASE_STRIP = NO;
				DEBUG_INFORMATION_FORMAT = "dwarf-with-dsym";
				ENABLE_NS_ASSERTIONS = NO;
				ENABLE_STRICT_OBJC_MSGSEND = YES;
				GCC_C_LANGUAGE_STANDARD = gnu11;
				GCC_NO_COMMON_BLOCKS = YES;
				GCC_WARN_64_TO_32_BIT_CONVERSION = YES;
				GCC_WARN_ABOUT_RETURN_TYPE = YES_ERROR;
				GCC_WARN_UNDECLARED_SELECTOR = YES;
				GCC_WARN_UNINITIALIZED_AUTOS = YES_AGGRESSIVE;
				GCC_WARN_UNUSED_FUNCTION = YES;
				GCC_WARN_UNUSED_VARIABLE = YES;
				IPHONEOS_DEPLOYMENT_TARGET = 13.0;
				MTL_ENABLE_DEBUG_INFO = NO;
				MTL_FAST_MATH = YES;
				SDKROOT = iphoneos;
				SWIFT_COMPILATION_MODE = wholemodule;
				SWIFT_OPTIMIZATION_LEVEL = "-O";
				VALIDATE_PRODUCT = YES;
			};
			name = Release;
		};
		E1FBD27224A2F99000BD83B4 /* Debug */ = {
			isa = XCBuildConfiguration;
			baseConfigurationReference = 01D4A1E2B0B2AB1E0C223435 /* Pods-Portfolio View.debug.xcconfig */;
			buildSettings = {
				ASSETCATALOG_COMPILER_APPICON_NAME = AppIcon;
				CODE_SIGN_STYLE = Automatic;
				DEVELOPMENT_TEAM = YVWM9D9TSW;
				INFOPLIST_FILE = "Portfolio View/Info.plist";
				LD_RUNPATH_SEARCH_PATHS = (
					"$(inherited)",
					"@executable_path/Frameworks",
				);
				PRODUCT_BUNDLE_IDENTIFIER = "majdhailat.Portfolio-View";
				PRODUCT_NAME = "$(TARGET_NAME)";
				SWIFT_VERSION = 5.0;
				TARGETED_DEVICE_FAMILY = "1,2";
			};
			name = Debug;
		};
		E1FBD27324A2F99000BD83B4 /* Release */ = {
			isa = XCBuildConfiguration;
			baseConfigurationReference = 7A2332DBA6C0C28F70B40CD6 /* Pods-Portfolio View.release.xcconfig */;
			buildSettings = {
				ASSETCATALOG_COMPILER_APPICON_NAME = AppIcon;
				CODE_SIGN_STYLE = Automatic;
				DEVELOPMENT_TEAM = YVWM9D9TSW;
				INFOPLIST_FILE = "Portfolio View/Info.plist";
				LD_RUNPATH_SEARCH_PATHS = (
					"$(inherited)",
					"@executable_path/Frameworks",
				);
				PRODUCT_BUNDLE_IDENTIFIER = "majdhailat.Portfolio-View";
				PRODUCT_NAME = "$(TARGET_NAME)";
				SWIFT_VERSION = 5.0;
				TARGETED_DEVICE_FAMILY = "1,2";
			};
			name = Release;
		};
/* End XCBuildConfiguration section */

/* Begin XCConfigurationList section */
		E1FBD25824A2F98900BD83B4 /* Build configuration list for PBXProject "Portfolio View" */ = {
			isa = XCConfigurationList;
			buildConfigurations = (
				E1FBD26F24A2F99000BD83B4 /* Debug */,
				E1FBD27024A2F99000BD83B4 /* Release */,
			);
			defaultConfigurationIsVisible = 0;
			defaultConfigurationName = Release;
		};
		E1FBD27124A2F99000BD83B4 /* Build configuration list for PBXNativeTarget "Portfolio View" */ = {
			isa = XCConfigurationList;
			buildConfigurations = (
				E1FBD27224A2F99000BD83B4 /* Debug */,
				E1FBD27324A2F99000BD83B4 /* Release */,
			);
			defaultConfigurationIsVisible = 0;
			defaultConfigurationName = Release;
		};
/* End XCConfigurationList section */
	};
	rootObject = E1FBD25524A2F98900BD83B4 /* Project object */;
}
